Microsoft Visual Studio Solution File, Format Version 12.00
# Visual Studio Version 17
VisualStudioVersion = 17.13.35919.96
MinimumVisualStudioVersion = 10.0.40219.1
Project("{FAE04EC0-301F-11D3-BF4B-00C04F79EFBC}") = "SIS_ADO", "SIS_ADO.csproj", "{EEC34D10-E7F5-4106-9A01-4F36D64A1CD7}"
EndProject
Global
	GlobalSection(SolutionConfigurationPlatforms) = preSolution
		Debug|Any CPU = Debug|Any CPU
		Release|Any CPU = Release|Any CPU
	EndGlobalSection
	GlobalSection(ProjectConfigurationPlatforms) = postSolution
		{EEC34D10-E7F5-4106-9A01-4F36D64A1CD7}.Debug|Any CPU.ActiveCfg = Debug|Any CPU
		{EEC34D10-E7F5-4106-9A01-4F36D64A1CD7}.Debug|Any CPU.Build.0 = Debug|Any CPU
		{EEC34D10-E7F5-4106-9A01-4F36D64A1CD7}.Release|Any CPU.ActiveCfg = Release|Any CPU
		{EEC34D10-E7F5-4106-9A01-4F36D64A1CD7}.Release|Any CPU.Build.0 = Release|Any CPU
	EndGlobalSection
	GlobalSection(SolutionProperties) = preSolution
		HideSolutionNode = FALSE
	EndGlobalSection
	GlobalSection(ExtensibilityGlobals) = postSolution
		SolutionGuid = {91E1A5DE-65A7-4992-94D0-C9A1DE5AB5FE}
	EndGlobalSection
EndGlobal
